{
  "nodes": {
    "flake-utils": {
      "locked": {
        "lastModified": 1607173379,
        "narHash": "sha256-wKwwwbdvYtm0bY6PaeCWO3k0+Bg+VohC56Vn7Z9ZX/U=",
        "owner": "poscat0x04",
        "repo": "flake-utils",
        "rev": "1841839284bd33948154ccdf73f8712a01bfab64",
        "type": "github"
      },
      "original": {
        "owner": "poscat0x04",
        "repo": "flake-utils",
        "type": "github"
      }
    },
    "nix-filter": {
      "locked": {
        "lastModified": 1694857738,
        "narHash": "sha256-bxxNyLHjhu0N8T3REINXQ2ZkJco0ABFPn6PIe2QUfqo=",
        "owner": "numtide",
        "repo": "nix-filter",
        "rev": "41fd48e00c22b4ced525af521ead8792402de0ea",
        "type": "github"
      },
      "original": {
        "owner": "numtide",
        "repo": "nix-filter",
        "type": "github"
      }
    },
    "nixpkgs": {
      "locked": {
        "lastModified": 1700097215,
        "narHash": "sha256-ODQ3gBTv1iHd7lG21H+ErVISB5wVeOhd/dEogOqHs/I=",
        "owner": "NixOS",
        "repo": "nixpkgs",
        "rev": "9fb122519e9cd465d532f736a98c1e1eb541ef6f",
        "type": "github"
      },
      "original": {
        "owner": "NixOS",
        "ref": "nixos-23.05",
        "repo": "nixpkgs",
        "type": "github"
      }
    },
    "root": {
      "inputs": {
        "flake-utils": "flake-utils",
        "nix-filter": "nix-filter",
        "nixpkgs": "nixpkgs"
      }
    }
  },
  "root": "root",
  "version": 7
}
